
Microsoft Visual Studio Solution File, Format Version 12.00
# Visual Studio Version 16
VisualStudioVersion = 16.0.31410.357
MinimumVisualStudioVersion = 10.0.40219.1
Project("{FAE04EC0-301F-11D3-BF4B-00C04F79EFBC}") = "APIClientes", "APIClientes.csproj", "{F24FE641-71E8-427E-916E-1C07EC2B8309}"
EndProject
Global
	GlobalSection(SolutionConfigurationPlatforms) = preSolution
		Debug|Any CPU = Debug|Any CPU
		Release|Any CPU = Release|Any CPU
	EndGlobalSection
	GlobalSection(ProjectConfigurationPlatforms) = postSolution
		{F24FE641-71E8-427E-916E-1C07EC2B8309}.Debug|Any CPU.ActiveCfg = Debug|Any CPU
		{F24FE641-71E8-427E-916E-1C07EC2B8309}.Debug|Any CPU.Build.0 = Debug|Any CPU
		{F24FE641-71E8-427E-916E-1C07EC2B8309}.Release|Any CPU.ActiveCfg = Release|Any CPU
		{F24FE641-71E8-427E-916E-1C07EC2B8309}.Release|Any CPU.Build.0 = Release|Any CPU
	EndGlobalSection
	GlobalSection(SolutionProperties) = preSolution
		HideSolutionNode = FALSE
	EndGlobalSection
	GlobalSection(ExtensibilityGlobals) = postSolution
		SolutionGuid = {F900B6DA-1D5D-4FEE-AFD8-30FA9A04C974}
	EndGlobalSection
EndGlobal
